
Microsoft Visual Studio Solution File, Format Version 12.00
# Visual Studio Version 17
VisualStudioVersion = 17.4.33205.214
MinimumVisualStudioVersion = 10.0.40219.1
Project("{FAE04EC0-301F-11D3-BF4B-00C04F79EFBC}") = "EzStock.Api", "EzStock.Api\EzStock.Api.csproj", "{4EAD449E-5371-4ABB-8D98-C83B4C7622B7}"
EndProject
Project("{FAE04EC0-301F-11D3-BF4B-00C04F79EFBC}") = "EzStock.Domain", "EzStock.Domain\EzStock.Domain.csproj", "{59B9A942-7CAF-4275-9432-AC786D7CDF9F}"
EndProject
Project("{FAE04EC0-301F-11D3-BF4B-00C04F79EFBC}") = "EzStock.Infrastructure", "EzStock.Infrastructure\EzStock.Infrastructure.csproj", "{69BCDE62-2CAE-441A-BE95-E506AE17CDC1}"
EndProject
Project("{FAE04EC0-301F-11D3-BF4B-00C04F79EFBC}") = "EzStock.Shared", "EzStock.Shared\EzStock.Shared.csproj", "{FD72FF7C-EF36-4663-8CE6-B6D7B7D3C0EC}"
EndProject
Project("{FAE04EC0-301F-11D3-BF4B-00C04F79EFBC}") = "EzStock.Service", "EzStock.Service\EzStock.Service.csproj", "{D4F5CB78-2352-44E7-8310-702E11D3FAB5}"
EndProject
Global
	GlobalSection(SolutionConfigurationPlatforms) = preSolution
		Debug|Any CPU = Debug|Any CPU
		Release|Any CPU = Release|Any CPU
	EndGlobalSection
	GlobalSection(ProjectConfigurationPlatforms) = postSolution
		{4EAD449E-5371-4ABB-8D98-C83B4C7622B7}.Debug|Any CPU.ActiveCfg = Debug|Any CPU
		{4EAD449E-5371-4ABB-8D98-C83B4C7622B7}.Debug|Any CPU.Build.0 = Debug|Any CPU
		{4EAD449E-5371-4ABB-8D98-C83B4C7622B7}.Release|Any CPU.ActiveCfg = Release|Any CPU
		{4EAD449E-5371-4ABB-8D98-C83B4C7622B7}.Release|Any CPU.Build.0 = Release|Any CPU
		{59B9A942-7CAF-4275-9432-AC786D7CDF9F}.Debug|Any CPU.ActiveCfg = Debug|Any CPU
		{59B9A942-7CAF-4275-9432-AC786D7CDF9F}.Debug|Any CPU.Build.0 = Debug|Any CPU
		{59B9A942-7CAF-4275-9432-AC786D7CDF9F}.Release|Any CPU.ActiveCfg = Release|Any CPU
		{59B9A942-7CAF-4275-9432-AC786D7CDF9F}.Release|Any CPU.Build.0 = Release|Any CPU
		{69BCDE62-2CAE-441A-BE95-E506AE17CDC1}.Debug|Any CPU.ActiveCfg = Debug|Any CPU
		{69BCDE62-2CAE-441A-BE95-E506AE17CDC1}.Debug|Any CPU.Build.0 = Debug|Any CPU
		{69BCDE62-2CAE-441A-BE95-E506AE17CDC1}.Release|Any CPU.ActiveCfg = Release|Any CPU
		{69BCDE62-2CAE-441A-BE95-E506AE17CDC1}.Release|Any CPU.Build.0 = Release|Any CPU
		{FD72FF7C-EF36-4663-8CE6-B6D7B7D3C0EC}.Debug|Any CPU.ActiveCfg = Debug|Any CPU
		{FD72FF7C-EF36-4663-8CE6-B6D7B7D3C0EC}.Debug|Any CPU.Build.0 = Debug|Any CPU
		{FD72FF7C-EF36-4663-8CE6-B6D7B7D3C0EC}.Release|Any CPU.ActiveCfg = Release|Any CPU
		{FD72FF7C-EF36-4663-8CE6-B6D7B7D3C0EC}.Release|Any CPU.Build.0 = Release|Any CPU
		{D4F5CB78-2352-44E7-8310-702E11D3FAB5}.Debug|Any CPU.ActiveCfg = Debug|Any CPU
		{D4F5CB78-2352-44E7-8310-702E11D3FAB5}.Debug|Any CPU.Build.0 = Debug|Any CPU
		{D4F5CB78-2352-44E7-8310-702E11D3FAB5}.Release|Any CPU.ActiveCfg = Release|Any CPU
		{D4F5CB78-2352-44E7-8310-702E11D3FAB5}.Release|Any CPU.Build.0 = Release|Any CPU
	EndGlobalSection
	GlobalSection(SolutionProperties) = preSolution
		HideSolutionNode = FALSE
	EndGlobalSection
	GlobalSection(ExtensibilityGlobals) = postSolution
		SolutionGuid = {A2BD03D2-1132-4301-8221-FCC8F4681A38}
	EndGlobalSection
EndGlobal
